
Microsoft Visual Studio Solution File, Format Version 12.00
# Visual Studio Version 17
VisualStudioVersion = 17.0.31903.59
MinimumVisualStudioVersion = 10.0.40219.1
Project("{FAE04EC0-301F-11D3-BF4B-00C04F79EFBC}") = "CoRDemo", "CoRDemo\CoRDemo.csproj", "{6604118E-9355-4633-87BC-02691D7B3F80}"
EndProject
Project("{FAE04EC0-301F-11D3-BF4B-00C04F79EFBC}") = "MiddlewareDemo", "MiddlewareDemo\MiddlewareDemo.csproj", "{65468E56-D7E7-470B-BA07-04650BE6DBAC}"
EndProject
Global
	GlobalSection(SolutionConfigurationPlatforms) = preSolution
		Debug|Any CPU = Debug|Any CPU
		Release|Any CPU = Release|Any CPU
	EndGlobalSection
	GlobalSection(SolutionProperties) = preSolution
		HideSolutionNode = FALSE
	EndGlobalSection
	GlobalSection(ProjectConfigurationPlatforms) = postSolution
		{6604118E-9355-4633-87BC-02691D7B3F80}.Debug|Any CPU.ActiveCfg = Debug|Any CPU
		{6604118E-9355-4633-87BC-02691D7B3F80}.Debug|Any CPU.Build.0 = Debug|Any CPU
		{6604118E-9355-4633-87BC-02691D7B3F80}.Release|Any CPU.ActiveCfg = Release|Any CPU
		{6604118E-9355-4633-87BC-02691D7B3F80}.Release|Any CPU.Build.0 = Release|Any CPU
		{65468E56-D7E7-470B-BA07-04650BE6DBAC}.Debug|Any CPU.ActiveCfg = Debug|Any CPU
		{65468E56-D7E7-470B-BA07-04650BE6DBAC}.Debug|Any CPU.Build.0 = Debug|Any CPU
		{65468E56-D7E7-470B-BA07-04650BE6DBAC}.Release|Any CPU.ActiveCfg = Release|Any CPU
		{65468E56-D7E7-470B-BA07-04650BE6DBAC}.Release|Any CPU.Build.0 = Release|Any CPU
	EndGlobalSection
EndGlobal
