Microsoft Visual Studio Solution File, Format Version 12.00
# Visual Studio Version 17
VisualStudioVersion = 17.5.2.0
MinimumVisualStudioVersion = 10.0.40219.1
Project("{FAE04EC0-301F-11D3-BF4B-00C04F79EFBC}") = "ServiceLifetimeDemo", "ServiceLifetimeDemo.csproj", "{946EB5B8-CFD6-8376-7C9E-7EF8F3EF528F}"
EndProject
Global
	GlobalSection(SolutionConfigurationPlatforms) = preSolution
		Debug|Any CPU = Debug|Any CPU
		Release|Any CPU = Release|Any CPU
	EndGlobalSection
	GlobalSection(ProjectConfigurationPlatforms) = postSolution
		{946EB5B8-CFD6-8376-7C9E-7EF8F3EF528F}.Debug|Any CPU.ActiveCfg = Debug|Any CPU
		{946EB5B8-CFD6-8376-7C9E-7EF8F3EF528F}.Debug|Any CPU.Build.0 = Debug|Any CPU
		{946EB5B8-CFD6-8376-7C9E-7EF8F3EF528F}.Release|Any CPU.ActiveCfg = Release|Any CPU
		{946EB5B8-CFD6-8376-7C9E-7EF8F3EF528F}.Release|Any CPU.Build.0 = Release|Any CPU
	EndGlobalSection
	GlobalSection(SolutionProperties) = preSolution
		HideSolutionNode = FALSE
	EndGlobalSection
	GlobalSection(ExtensibilityGlobals) = postSolution
		SolutionGuid = {7F7B6CA2-0193-4708-872E-67F749AA9E36}
	EndGlobalSection
EndGlobal
