
Microsoft Visual Studio Solution File, Format Version 12.00
# Visual Studio Version 17
VisualStudioVersion = 17.10.35027.167
MinimumVisualStudioVersion = 10.0.40219.1
Project("{2150E333-8FDC-42A3-9474-1A3956D46DE8}") = "SOLIDDemo", "SOLIDDemo", "{038C4752-17D6-4C1C-95AD-8CEDB65255CC}"
EndProject
Project("{FAE04EC0-301F-11D3-BF4B-00C04F79EFBC}") = "SingletonDemo", "SingletonDemo\SingletonDemo.csproj", "{EA6C5793-D3B6-4173-8DD0-053D7495FCBC}"
EndProject
Project("{FAE04EC0-301F-11D3-BF4B-00C04F79EFBC}") = "FactoryPatternDemo", "FactoryPatternDemo\FactoryPatternDemo.csproj", "{FF399DC1-FC76-4E35-BB91-CF450F9FE230}"
EndProject
Project("{FAE04EC0-301F-11D3-BF4B-00C04F79EFBC}") = "MongoDbAPI", "MongoDbAPI\MongoDbAPI.csproj", "{96F349DA-1785-47F6-8311-5D495C0F5C9E}"
EndProject
Global
	GlobalSection(SolutionConfigurationPlatforms) = preSolution
		Debug|Any CPU = Debug|Any CPU
		Release|Any CPU = Release|Any CPU
	EndGlobalSection
	GlobalSection(ProjectConfigurationPlatforms) = postSolution
		{EA6C5793-D3B6-4173-8DD0-053D7495FCBC}.Debug|Any CPU.ActiveCfg = Debug|Any CPU
		{EA6C5793-D3B6-4173-8DD0-053D7495FCBC}.Debug|Any CPU.Build.0 = Debug|Any CPU
		{EA6C5793-D3B6-4173-8DD0-053D7495FCBC}.Release|Any CPU.ActiveCfg = Release|Any CPU
		{EA6C5793-D3B6-4173-8DD0-053D7495FCBC}.Release|Any CPU.Build.0 = Release|Any CPU
		{FF399DC1-FC76-4E35-BB91-CF450F9FE230}.Debug|Any CPU.ActiveCfg = Debug|Any CPU
		{FF399DC1-FC76-4E35-BB91-CF450F9FE230}.Debug|Any CPU.Build.0 = Debug|Any CPU
		{FF399DC1-FC76-4E35-BB91-CF450F9FE230}.Release|Any CPU.ActiveCfg = Release|Any CPU
		{FF399DC1-FC76-4E35-BB91-CF450F9FE230}.Release|Any CPU.Build.0 = Release|Any CPU
		{96F349DA-1785-47F6-8311-5D495C0F5C9E}.Debug|Any CPU.ActiveCfg = Debug|Any CPU
		{96F349DA-1785-47F6-8311-5D495C0F5C9E}.Debug|Any CPU.Build.0 = Debug|Any CPU
		{96F349DA-1785-47F6-8311-5D495C0F5C9E}.Release|Any CPU.ActiveCfg = Release|Any CPU
		{96F349DA-1785-47F6-8311-5D495C0F5C9E}.Release|Any CPU.Build.0 = Release|Any CPU
	EndGlobalSection
	GlobalSection(SolutionProperties) = preSolution
		HideSolutionNode = FALSE
	EndGlobalSection
	GlobalSection(ExtensibilityGlobals) = postSolution
		SolutionGuid = {8DE30838-0292-46F0-BB2A-9CC931622E3B}
	EndGlobalSection
	GlobalSection(NestedProjects) = preSolution
	EndGlobalSection
EndGlobal
