
Microsoft Visual Studio Solution File, Format Version 12.00
# Visual Studio Version 17
VisualStudioVersion = 17.0.31903.59
MinimumVisualStudioVersion = 10.0.40219.1
Project("{FAE04EC0-301F-11D3-BF4B-00C04F79EFBC}") = "ExceptionHandlingDemo", "ExceptionHandlingDemo\ExceptionHandlingDemo.csproj", "{5CFF7CE9-A015-4813-8BA6-0564DBE41C34}"
EndProject
Global
	GlobalSection(SolutionConfigurationPlatforms) = preSolution
		Debug|Any CPU = Debug|Any CPU
		Release|Any CPU = Release|Any CPU
	EndGlobalSection
	GlobalSection(ProjectConfigurationPlatforms) = postSolution
		{5CFF7CE9-A015-4813-8BA6-0564DBE41C34}.Debug|Any CPU.ActiveCfg = Debug|Any CPU
		{5CFF7CE9-A015-4813-8BA6-0564DBE41C34}.Debug|Any CPU.Build.0 = Debug|Any CPU
		{5CFF7CE9-A015-4813-8BA6-0564DBE41C34}.Release|Any CPU.ActiveCfg = Release|Any CPU
		{5CFF7CE9-A015-4813-8BA6-0564DBE41C34}.Release|Any CPU.Build.0 = Release|Any CPU
	EndGlobalSection
	GlobalSection(SolutionProperties) = preSolution
		HideSolutionNode = FALSE
	EndGlobalSection
	GlobalSection(ExtensibilityGlobals) = postSolution
		SolutionGuid = {40FD2578-8ABD-48A9-A5A1-D8FD387FBB42}
	EndGlobalSection
EndGlobal
