
Microsoft Visual Studio Solution File, Format Version 12.00
# Visual Studio Version 17
VisualStudioVersion = 17.0.31903.59
MinimumVisualStudioVersion = 10.0.40219.1
Project("{FAE04EC0-301F-11D3-BF4B-00C04F79EFBC}") = "WebApiDemo", "WebApiDemo\WebApiDemo.csproj", "{9CDB83C9-A6A3-4991-A689-D27EEAE366FE}"
EndProject
Project("{FAE04EC0-301F-11D3-BF4B-00C04F79EFBC}") = "ConsulDemo", "ConsulDemo\ConsulDemo.csproj", "{40C07A1E-B409-4F2E-8BFB-CC699F977C46}"
EndProject
Project("{FAE04EC0-301F-11D3-BF4B-00C04F79EFBC}") = "ServiceRegistryAndDiscoveryDemo", "ServiceRegistryAndDiscoveryDemo\ServiceRegistryAndDiscoveryDemo.csproj", "{7BF25A86-FCAE-4837-A41B-98CABA0D96D1}"
EndProject
Project("{FAE04EC0-301F-11D3-BF4B-00C04F79EFBC}") = "CommandPattern", "CommandPattern\CommandPattern.csproj", "{3BE4C983-EB53-4C4F-A710-CF75BDAC8D97}"
EndProject
Project("{FAE04EC0-301F-11D3-BF4B-00C04F79EFBC}") = "MediatorDemo", "MediatorDemo\MediatorDemo.csproj", "{E48EC8F3-B8AF-48E1-B550-E919168D3E26}"
EndProject
Project("{FAE04EC0-301F-11D3-BF4B-00C04F79EFBC}") = "ObserverDemo", "ObserverDemo\ObserverDemo.csproj", "{02CA0896-AC05-4444-9321-B85C4CBB248E}"
EndProject
Project("{FAE04EC0-301F-11D3-BF4B-00C04F79EFBC}") = "MediatRDemo", "MediatRDemo\MediatRDemo.csproj", "{24D0A02F-790F-4DA8-A39F-95697B2F5A4D}"
EndProject
Global
	GlobalSection(SolutionConfigurationPlatforms) = preSolution
		Debug|Any CPU = Debug|Any CPU
		Release|Any CPU = Release|Any CPU
	EndGlobalSection
	GlobalSection(SolutionProperties) = preSolution
		HideSolutionNode = FALSE
	EndGlobalSection
	GlobalSection(ProjectConfigurationPlatforms) = postSolution
		{9CDB83C9-A6A3-4991-A689-D27EEAE366FE}.Debug|Any CPU.ActiveCfg = Debug|Any CPU
		{9CDB83C9-A6A3-4991-A689-D27EEAE366FE}.Debug|Any CPU.Build.0 = Debug|Any CPU
		{9CDB83C9-A6A3-4991-A689-D27EEAE366FE}.Release|Any CPU.ActiveCfg = Release|Any CPU
		{9CDB83C9-A6A3-4991-A689-D27EEAE366FE}.Release|Any CPU.Build.0 = Release|Any CPU
		{40C07A1E-B409-4F2E-8BFB-CC699F977C46}.Debug|Any CPU.ActiveCfg = Debug|Any CPU
		{40C07A1E-B409-4F2E-8BFB-CC699F977C46}.Debug|Any CPU.Build.0 = Debug|Any CPU
		{40C07A1E-B409-4F2E-8BFB-CC699F977C46}.Release|Any CPU.ActiveCfg = Release|Any CPU
		{40C07A1E-B409-4F2E-8BFB-CC699F977C46}.Release|Any CPU.Build.0 = Release|Any CPU
		{7BF25A86-FCAE-4837-A41B-98CABA0D96D1}.Debug|Any CPU.ActiveCfg = Debug|Any CPU
		{7BF25A86-FCAE-4837-A41B-98CABA0D96D1}.Debug|Any CPU.Build.0 = Debug|Any CPU
		{7BF25A86-FCAE-4837-A41B-98CABA0D96D1}.Release|Any CPU.ActiveCfg = Release|Any CPU
		{7BF25A86-FCAE-4837-A41B-98CABA0D96D1}.Release|Any CPU.Build.0 = Release|Any CPU
		{3BE4C983-EB53-4C4F-A710-CF75BDAC8D97}.Debug|Any CPU.ActiveCfg = Debug|Any CPU
		{3BE4C983-EB53-4C4F-A710-CF75BDAC8D97}.Debug|Any CPU.Build.0 = Debug|Any CPU
		{3BE4C983-EB53-4C4F-A710-CF75BDAC8D97}.Release|Any CPU.ActiveCfg = Release|Any CPU
		{3BE4C983-EB53-4C4F-A710-CF75BDAC8D97}.Release|Any CPU.Build.0 = Release|Any CPU
		{E48EC8F3-B8AF-48E1-B550-E919168D3E26}.Debug|Any CPU.ActiveCfg = Debug|Any CPU
		{E48EC8F3-B8AF-48E1-B550-E919168D3E26}.Debug|Any CPU.Build.0 = Debug|Any CPU
		{E48EC8F3-B8AF-48E1-B550-E919168D3E26}.Release|Any CPU.ActiveCfg = Release|Any CPU
		{E48EC8F3-B8AF-48E1-B550-E919168D3E26}.Release|Any CPU.Build.0 = Release|Any CPU
		{02CA0896-AC05-4444-9321-B85C4CBB248E}.Debug|Any CPU.ActiveCfg = Debug|Any CPU
		{02CA0896-AC05-4444-9321-B85C4CBB248E}.Debug|Any CPU.Build.0 = Debug|Any CPU
		{02CA0896-AC05-4444-9321-B85C4CBB248E}.Release|Any CPU.ActiveCfg = Release|Any CPU
		{02CA0896-AC05-4444-9321-B85C4CBB248E}.Release|Any CPU.Build.0 = Release|Any CPU
		{24D0A02F-790F-4DA8-A39F-95697B2F5A4D}.Debug|Any CPU.ActiveCfg = Debug|Any CPU
		{24D0A02F-790F-4DA8-A39F-95697B2F5A4D}.Debug|Any CPU.Build.0 = Debug|Any CPU
		{24D0A02F-790F-4DA8-A39F-95697B2F5A4D}.Release|Any CPU.ActiveCfg = Release|Any CPU
		{24D0A02F-790F-4DA8-A39F-95697B2F5A4D}.Release|Any CPU.Build.0 = Release|Any CPU
	EndGlobalSection
EndGlobal
