Microsoft Visual Studio Solution File, Format Version 12.00
# Visual Studio Version 17
VisualStudioVersion = 17.5.2.0
MinimumVisualStudioVersion = 10.0.40219.1
Project("{FAE04EC0-301F-11D3-BF4B-00C04F79EFBC}") = "CoRDemo", "CoRDemo.csproj", "{A59643D4-BA22-1F3A-D416-54453539508C}"
EndProject
Global
	GlobalSection(SolutionConfigurationPlatforms) = preSolution
		Debug|Any CPU = Debug|Any CPU
		Release|Any CPU = Release|Any CPU
	EndGlobalSection
	GlobalSection(ProjectConfigurationPlatforms) = postSolution
		{A59643D4-BA22-1F3A-D416-54453539508C}.Debug|Any CPU.ActiveCfg = Debug|Any CPU
		{A59643D4-BA22-1F3A-D416-54453539508C}.Debug|Any CPU.Build.0 = Debug|Any CPU
		{A59643D4-BA22-1F3A-D416-54453539508C}.Release|Any CPU.ActiveCfg = Release|Any CPU
		{A59643D4-BA22-1F3A-D416-54453539508C}.Release|Any CPU.Build.0 = Release|Any CPU
	EndGlobalSection
	GlobalSection(SolutionProperties) = preSolution
		HideSolutionNode = FALSE
	EndGlobalSection
	GlobalSection(ExtensibilityGlobals) = postSolution
		SolutionGuid = {3D9443FD-0CD7-46DB-A4F6-A9CC3C0EA6DF}
	EndGlobalSection
EndGlobal
